
Microsoft Visual Studio Solution File, Format Version 12.00
# Visual Studio Version 17
VisualStudioVersion = 17.1.32414.318
MinimumVisualStudioVersion = 10.0.40219.1
Project("{FAE04EC0-301F-11D3-BF4B-00C04F79EFBC}") = "Asset-Tracking-Mini-project-saranya", "Asset-Tracking-Mini-project-saranya\Asset-Tracking-Mini-project-saranya.csproj", "{2910C197-D777-440D-91BD-C6AF40FEF8A7}"
EndProject
Global
	GlobalSection(SolutionConfigurationPlatforms) = preSolution
		Debug|Any CPU = Debug|Any CPU
		Release|Any CPU = Release|Any CPU
	EndGlobalSection
	GlobalSection(ProjectConfigurationPlatforms) = postSolution
		{2910C197-D777-440D-91BD-C6AF40FEF8A7}.Debug|Any CPU.ActiveCfg = Debug|Any CPU
		{2910C197-D777-440D-91BD-C6AF40FEF8A7}.Debug|Any CPU.Build.0 = Debug|Any CPU
		{2910C197-D777-440D-91BD-C6AF40FEF8A7}.Release|Any CPU.ActiveCfg = Release|Any CPU
		{2910C197-D777-440D-91BD-C6AF40FEF8A7}.Release|Any CPU.Build.0 = Release|Any CPU
	EndGlobalSection
	GlobalSection(SolutionProperties) = preSolution
		HideSolutionNode = FALSE
	EndGlobalSection
	GlobalSection(ExtensibilityGlobals) = postSolution
		SolutionGuid = {647329A3-D19E-4105-9137-5EE7C919B4EE}
	EndGlobalSection
EndGlobal
